
Microsoft Visual Studio Solution File, Format Version 12.00
Project("{FAE04EC0-301F-11D3-BF4B-00C04F79EFBC}") = "Domain.Tests", "Domain.Tests\Domain.Tests.csproj", "{EED5FE40-E5C4-4A64-BF5A-26D57F4B681F}"
EndProject
Project("{FAE04EC0-301F-11D3-BF4B-00C04F79EFBC}") = "Domain", "Domain\Domain.csproj", "{BD9915FF-58F9-4018-85F9-200BA44F27C2}"
EndProject
Global
	GlobalSection(SolutionConfigurationPlatforms) = preSolution
		Debug|Any CPU = Debug|Any CPU
		Release|Any CPU = Release|Any CPU
	EndGlobalSection
	GlobalSection(ProjectConfigurationPlatforms) = postSolution
		{EED5FE40-E5C4-4A64-BF5A-26D57F4B681F}.Debug|Any CPU.ActiveCfg = Debug|Any CPU
		{EED5FE40-E5C4-4A64-BF5A-26D57F4B681F}.Debug|Any CPU.Build.0 = Debug|Any CPU
		{EED5FE40-E5C4-4A64-BF5A-26D57F4B681F}.Release|Any CPU.ActiveCfg = Release|Any CPU
		{EED5FE40-E5C4-4A64-BF5A-26D57F4B681F}.Release|Any CPU.Build.0 = Release|Any CPU
		{BD9915FF-58F9-4018-85F9-200BA44F27C2}.Debug|Any CPU.ActiveCfg = Debug|Any CPU
		{BD9915FF-58F9-4018-85F9-200BA44F27C2}.Debug|Any CPU.Build.0 = Debug|Any CPU
		{BD9915FF-58F9-4018-85F9-200BA44F27C2}.Release|Any CPU.ActiveCfg = Release|Any CPU
		{BD9915FF-58F9-4018-85F9-200BA44F27C2}.Release|Any CPU.Build.0 = Release|Any CPU
	EndGlobalSection
EndGlobal
